
Microsoft Visual Studio Solution File, Format Version 12.00
# Visual Studio Version 17
VisualStudioVersion = 17.8.34316.72
MinimumVisualStudioVersion = 10.0.40219.1
Project("{9A19103F-16F7-4668-BE54-9A1E7A4F7556}") = "day15", "day15.csproj", "{2A9418A2-A7AD-449E-96FA-91C04082AE1E}"
EndProject
Global
	GlobalSection(SolutionConfigurationPlatforms) = preSolution
		Debug|Any CPU = Debug|Any CPU
		Release|Any CPU = Release|Any CPU
	EndGlobalSection
	GlobalSection(ProjectConfigurationPlatforms) = postSolution
		{2A9418A2-A7AD-449E-96FA-91C04082AE1E}.Debug|Any CPU.ActiveCfg = Debug|Any CPU
		{2A9418A2-A7AD-449E-96FA-91C04082AE1E}.Debug|Any CPU.Build.0 = Debug|Any CPU
		{2A9418A2-A7AD-449E-96FA-91C04082AE1E}.Release|Any CPU.ActiveCfg = Release|Any CPU
		{2A9418A2-A7AD-449E-96FA-91C04082AE1E}.Release|Any CPU.Build.0 = Release|Any CPU
	EndGlobalSection
	GlobalSection(SolutionProperties) = preSolution
		HideSolutionNode = FALSE
	EndGlobalSection
	GlobalSection(ExtensibilityGlobals) = postSolution
		SolutionGuid = {C77BAB5D-8693-4F02-8246-1D9C04BC41C4}
	EndGlobalSection
EndGlobal
